
Microsoft Visual Studio Solution File, Format Version 12.00
# Visual Studio Version 17
VisualStudioVersion = 17.14.36301.6 d17.14
MinimumVisualStudioVersion = 10.0.40219.1
Project("{FAE04EC0-301F-11D3-BF4B-00C04F79EFBC}") = "topic 2 monogame lists etc", "topic 2 monogame lists etc.csproj", "{14801311-3B74-4569-8524-2C9C48A13206}"
EndProject
Global
	GlobalSection(SolutionConfigurationPlatforms) = preSolution
		Debug|Any CPU = Debug|Any CPU
		Release|Any CPU = Release|Any CPU
	EndGlobalSection
	GlobalSection(ProjectConfigurationPlatforms) = postSolution
		{14801311-3B74-4569-8524-2C9C48A13206}.Debug|Any CPU.ActiveCfg = Debug|Any CPU
		{14801311-3B74-4569-8524-2C9C48A13206}.Debug|Any CPU.Build.0 = Debug|Any CPU
		{14801311-3B74-4569-8524-2C9C48A13206}.Release|Any CPU.ActiveCfg = Release|Any CPU
		{14801311-3B74-4569-8524-2C9C48A13206}.Release|Any CPU.Build.0 = Release|Any CPU
	EndGlobalSection
	GlobalSection(SolutionProperties) = preSolution
		HideSolutionNode = FALSE
	EndGlobalSection
	GlobalSection(ExtensibilityGlobals) = postSolution
		SolutionGuid = {06A9D3AD-E794-430E-BF6C-C8FA68DEA7FA}
	EndGlobalSection
EndGlobal
